
Microsoft Visual Studio Solution File, Format Version 11.00
# Visual Studio 2010
Project("{FAE04EC0-301F-11D3-BF4B-00C04F79EFBC}") = "FileMonkey.Picasso", "FileMonkey.Picasso\FileMonkey.Picasso.csproj", "{B1A39864-09F6-44DF-BA73-B601601C9009}"
EndProject
Project("{FAE04EC0-301F-11D3-BF4B-00C04F79EFBC}") = "FileMonkey.Pandora", "FileMonkey.Pandora\FileMonkey.Pandora.csproj", "{9E41033F-0DC5-4E1E-8639-518FE77272A8}"
EndProject
Global
	GlobalSection(SolutionConfigurationPlatforms) = preSolution
		Debug|Any CPU = Debug|Any CPU
		Debug|Mixed Platforms = Debug|Mixed Platforms
		Debug|x86 = Debug|x86
		Release|Any CPU = Release|Any CPU
		Release|Mixed Platforms = Release|Mixed Platforms
		Release|x86 = Release|x86
	EndGlobalSection
	GlobalSection(ProjectConfigurationPlatforms) = postSolution
		{B1A39864-09F6-44DF-BA73-B601601C9009}.Debug|Any CPU.ActiveCfg = Debug|x86
		{B1A39864-09F6-44DF-BA73-B601601C9009}.Debug|Mixed Platforms.ActiveCfg = Debug|x86
		{B1A39864-09F6-44DF-BA73-B601601C9009}.Debug|Mixed Platforms.Build.0 = Debug|x86
		{B1A39864-09F6-44DF-BA73-B601601C9009}.Debug|x86.ActiveCfg = Debug|x86
		{B1A39864-09F6-44DF-BA73-B601601C9009}.Debug|x86.Build.0 = Debug|x86
		{B1A39864-09F6-44DF-BA73-B601601C9009}.Release|Any CPU.ActiveCfg = Release|x86
		{B1A39864-09F6-44DF-BA73-B601601C9009}.Release|Mixed Platforms.ActiveCfg = Release|x86
		{B1A39864-09F6-44DF-BA73-B601601C9009}.Release|Mixed Platforms.Build.0 = Release|x86
		{B1A39864-09F6-44DF-BA73-B601601C9009}.Release|x86.ActiveCfg = Release|x86
		{B1A39864-09F6-44DF-BA73-B601601C9009}.Release|x86.Build.0 = Release|x86
		{9E41033F-0DC5-4E1E-8639-518FE77272A8}.Debug|Any CPU.ActiveCfg = Debug|Any CPU
		{9E41033F-0DC5-4E1E-8639-518FE77272A8}.Debug|Any CPU.Build.0 = Debug|Any CPU
		{9E41033F-0DC5-4E1E-8639-518FE77272A8}.Debug|Mixed Platforms.ActiveCfg = Debug|Any CPU
		{9E41033F-0DC5-4E1E-8639-518FE77272A8}.Debug|Mixed Platforms.Build.0 = Debug|Any CPU
		{9E41033F-0DC5-4E1E-8639-518FE77272A8}.Debug|x86.ActiveCfg = Debug|Any CPU
		{9E41033F-0DC5-4E1E-8639-518FE77272A8}.Release|Any CPU.ActiveCfg = Release|Any CPU
		{9E41033F-0DC5-4E1E-8639-518FE77272A8}.Release|Any CPU.Build.0 = Release|Any CPU
		{9E41033F-0DC5-4E1E-8639-518FE77272A8}.Release|Mixed Platforms.ActiveCfg = Release|Any CPU
		{9E41033F-0DC5-4E1E-8639-518FE77272A8}.Release|Mixed Platforms.Build.0 = Release|Any CPU
		{9E41033F-0DC5-4E1E-8639-518FE77272A8}.Release|x86.ActiveCfg = Release|Any CPU
	EndGlobalSection
	GlobalSection(SolutionProperties) = preSolution
		HideSolutionNode = FALSE
	EndGlobalSection
EndGlobal
